
Microsoft Visual Studio Solution File, Format Version 12.00
# Visual Studio 2013
VisualStudioVersion = 12.0.31101.0
MinimumVisualStudioVersion = 10.0.40219.1
Project("{FAE04EC0-301F-11D3-BF4B-00C04F79EFBC}") = "Proyectofinal2", "Proyectofinal2\Proyectofinal2.csproj", "{6C3162B0-7FE4-4E20-8F9E-8B04B72A140B}"
EndProject
Global
	GlobalSection(SolutionConfigurationPlatforms) = preSolution
		Debug|Any CPU = Debug|Any CPU
		Release|Any CPU = Release|Any CPU
	EndGlobalSection
	GlobalSection(ProjectConfigurationPlatforms) = postSolution
		{6C3162B0-7FE4-4E20-8F9E-8B04B72A140B}.Debug|Any CPU.ActiveCfg = Debug|Any CPU
		{6C3162B0-7FE4-4E20-8F9E-8B04B72A140B}.Debug|Any CPU.Build.0 = Debug|Any CPU
		{6C3162B0-7FE4-4E20-8F9E-8B04B72A140B}.Release|Any CPU.ActiveCfg = Release|Any CPU
		{6C3162B0-7FE4-4E20-8F9E-8B04B72A140B}.Release|Any CPU.Build.0 = Release|Any CPU
	EndGlobalSection
	GlobalSection(SolutionProperties) = preSolution
		HideSolutionNode = FALSE
	EndGlobalSection
EndGlobal
